
Microsoft Visual Studio Solution File, Format Version 12.00
# Visual Studio Version 16
VisualStudioVersion = 16.0.31729.503
MinimumVisualStudioVersion = 10.0.40219.1
Project("{9A19103F-16F7-4668-BE54-9A1E7A4F7556}") = "FiftyFive", "FiftyFive\FiftyFive.csproj", "{BB44EB71-965E-4287-B74D-0F8C948AA7F8}"
EndProject
Project("{9A19103F-16F7-4668-BE54-9A1E7A4F7556}") = "MonoString", "..\MonoString\MonoString\MonoString.csproj", "{76374AFC-0F8C-4752-8C8C-EC9BE4A6FB9B}"
EndProject
Project("{FAE04EC0-301F-11D3-BF4B-00C04F79EFBC}") = "FileManager", "..\FileManager\FileManager\FileManager.csproj", "{89B8B163-344C-4B18-9876-60EA6CD53992}"
EndProject
Global
	GlobalSection(SolutionConfigurationPlatforms) = preSolution
		Debug|Any CPU = Debug|Any CPU
		Release|Any CPU = Release|Any CPU
	EndGlobalSection
	GlobalSection(ProjectConfigurationPlatforms) = postSolution
		{BB44EB71-965E-4287-B74D-0F8C948AA7F8}.Debug|Any CPU.ActiveCfg = Debug|Any CPU
		{BB44EB71-965E-4287-B74D-0F8C948AA7F8}.Debug|Any CPU.Build.0 = Debug|Any CPU
		{BB44EB71-965E-4287-B74D-0F8C948AA7F8}.Release|Any CPU.ActiveCfg = Release|Any CPU
		{BB44EB71-965E-4287-B74D-0F8C948AA7F8}.Release|Any CPU.Build.0 = Release|Any CPU
		{76374AFC-0F8C-4752-8C8C-EC9BE4A6FB9B}.Debug|Any CPU.ActiveCfg = Debug|Any CPU
		{76374AFC-0F8C-4752-8C8C-EC9BE4A6FB9B}.Debug|Any CPU.Build.0 = Debug|Any CPU
		{76374AFC-0F8C-4752-8C8C-EC9BE4A6FB9B}.Release|Any CPU.ActiveCfg = Release|Any CPU
		{76374AFC-0F8C-4752-8C8C-EC9BE4A6FB9B}.Release|Any CPU.Build.0 = Release|Any CPU
		{89B8B163-344C-4B18-9876-60EA6CD53992}.Debug|Any CPU.ActiveCfg = Debug|Any CPU
		{89B8B163-344C-4B18-9876-60EA6CD53992}.Debug|Any CPU.Build.0 = Debug|Any CPU
		{89B8B163-344C-4B18-9876-60EA6CD53992}.Release|Any CPU.ActiveCfg = Release|Any CPU
		{89B8B163-344C-4B18-9876-60EA6CD53992}.Release|Any CPU.Build.0 = Release|Any CPU
	EndGlobalSection
	GlobalSection(SolutionProperties) = preSolution
		HideSolutionNode = FALSE
	EndGlobalSection
	GlobalSection(ExtensibilityGlobals) = postSolution
		SolutionGuid = {1E11FE4D-78D6-4064-B66A-7D8A8C2FB6A6}
	EndGlobalSection
EndGlobal
